
Microsoft Visual Studio Solution File, Format Version 12.00
# Visual Studio Version 16
VisualStudioVersion = 16.0.30907.101
MinimumVisualStudioVersion = 10.0.40219.1
Project("{FAE04EC0-301F-11D3-BF4B-00C04F79EFBC}") = "StreamLaunch", "StreamLaunch\StreamLaunch.csproj", "{A60AA1F2-6BB8-41A8-8F74-90734D82496D}"
EndProject
Project("{2150E333-8FDC-42A3-9474-1A3956D46DE8}") = "Solution Items", "Solution Items", "{59AA3233-CBC2-4E96-ABCC-B9AE54C489A0}"
	ProjectSection(SolutionItems) = preProject
		README.md = README.md
	EndProjectSection
EndProject
Global
	GlobalSection(SolutionConfigurationPlatforms) = preSolution
		Debug|Any CPU = Debug|Any CPU
		Release|Any CPU = Release|Any CPU
	EndGlobalSection
	GlobalSection(ProjectConfigurationPlatforms) = postSolution
		{A60AA1F2-6BB8-41A8-8F74-90734D82496D}.Debug|Any CPU.ActiveCfg = Debug|Any CPU
		{A60AA1F2-6BB8-41A8-8F74-90734D82496D}.Debug|Any CPU.Build.0 = Debug|Any CPU
		{A60AA1F2-6BB8-41A8-8F74-90734D82496D}.Release|Any CPU.ActiveCfg = Release|Any CPU
		{A60AA1F2-6BB8-41A8-8F74-90734D82496D}.Release|Any CPU.Build.0 = Release|Any CPU
	EndGlobalSection
	GlobalSection(SolutionProperties) = preSolution
		HideSolutionNode = FALSE
	EndGlobalSection
	GlobalSection(ExtensibilityGlobals) = postSolution
		SolutionGuid = {A09B18B0-2B69-4690-9357-0BB6A0CE334E}
	EndGlobalSection
EndGlobal
